{
    "_meta": {
        "hash": {
            "sha256": "c49cb24addea12ca876e0089fdaf48b39d6b723a3f18a0e855dc3c78ebd94bbd"
        },
        "pipfile-spec": 6,
        "requires": {
            "python_version": "3.8"
        },
        "sources": [
            {
                "name": "pypi",
                "url": "https://pypi.org/simple",
                "verify_ssl": true
            }
        ]
    },
    "default": {
        "async-generator": {
            "hashes": [
                "sha256:01c7bf666359b4967d2cda0000cc2e4af16a0ae098cbffcb8472fb9e8ad6585b",
                "sha256:6ebb3d106c12920aaae42ccb6f787ef5eefdcdd166ea3d628fa8476abe712144"
            ],
            "markers": "python_version >= '3.5'",
            "version": "==1.10"
        },
        "attrs": {
            "hashes": [
                "sha256:08a96c641c3a74e44eb59afb61a24f2cb9f4d7188748e76ba4bb5edfa3cb7d1c",
                "sha256:f7b7ce16570fe9965acd6d30101a28f62fb4a7f9e926b3bbc9b61f8b04247e72"
            ],
            "markers": "python_version >= '2.7' and python_version not in '3.0, 3.1, 3.2, 3.3'",
            "version": "==19.3.0"
        },
        "certifi": {
            "hashes": [
                "sha256:5930595817496dd21bb8dc35dad090f1c2cd0adfaf21204bf6732ca5d8ee34d3",
                "sha256:8fc0819f1f30ba15bdb34cceffb9ef04d99f420f68eb75d901e9560b8749fc41"
            ],
            "version": "==2020.6.20"
        },
        "chardet": {
            "hashes": [
                "sha256:84ab92ed1c4d4f16916e05906b6b75a6c0fb5db821cc65e70cbd64a3e2a5eaae",
                "sha256:fc323ffcaeaed0e0a02bf4d117757b98aed530d9ed4531e3e15460124c106691"
            ],
            "version": "==3.0.4"
        },
        "h11": {
            "hashes": [
                "sha256:33d4bca7be0fa039f4e84d50ab00531047e53d6ee8ffbc83501ea602c169cae1",
                "sha256:4bc6d6a1238b7615b266ada57e0618568066f57dd6fa967d1290ec9309b2f2f1"
            ],
            "version": "==0.9.0"
        },
        "h2": {
            "hashes": [
                "sha256:61e0f6601fa709f35cdb730863b4e5ec7ad449792add80d1410d4174ed139af5",
                "sha256:875f41ebd6f2c44781259005b157faed1a5031df3ae5aa7bcb4628a6c0782f14"
            ],
            "version": "==3.2.0"
        },
        "hpack": {
            "hashes": [
                "sha256:0edd79eda27a53ba5be2dfabf3b15780928a0dff6eb0c60a3d6767720e970c89",
                "sha256:8eec9c1f4bfae3408a3f30500261f7e6a65912dc138526ea054f9ad98892e9d2"
            ],
            "version": "==3.0.0"
        },
        "hstspreload": {
            "hashes": [
                "sha256:79edbdbd09346b4c5cf729384498818943114b0a4f939a5f80abacbc47aa2197",
                "sha256:7bc3d59d3f8c8dd03f0266f7bb309070e6a968edc19d29a812ebd49b280c5965"
            ],
            "markers": "python_version >= '3.6'",
            "version": "==2020.7.22"
        },
        "httpcore": {
            "hashes": [
                "sha256:9850fe97a166a794d7e920590d5ec49a05488884c9fc8b5dba8561effab0c2a0",
                "sha256:ecc5949310d9dae4de64648a4ce529f86df1f232ce23dcfefe737c24d21dfbe9"
            ],
            "markers": "python_version >= '3.6'",
            "version": "==0.9.1"
        },
        "httpx": {
            "hashes": [
                "sha256:32d930858eab677bc29a742aaa4f096de259f1c78c68a90ad11f5c3c04f08335",
                "sha256:3642bd13e90b80ba8a243a730275eb10a4c26ec96f5fc16b87e458d4ab21efae"
            ],
            "markers": "python_version >= '3.6'",
            "version": "==0.13.3"
        },
        "hyperframe": {
            "hashes": [
                "sha256:5187962cb16dcc078f23cb5a4b110098d546c3f41ff2d4038a9896893bbd0b40",
                "sha256:a9f5c17f2cc3c719b917c4f33ed1c61bd1f8dfac4b1bd23b7c80b3400971b41f"
            ],
            "version": "==5.2.0"
        },
        "idna": {
            "hashes": [
                "sha256:b307872f855b18632ce0c21c5e45be78c0ea7ae4c15c828c20788b26921eb3f6",
                "sha256:b97d804b1e9b523befed77c48dacec60e6dcb0b5391d57af6a65a312a90648c0"
            ],
            "markers": "python_version >= '2.7' and python_version not in '3.0, 3.1, 3.2, 3.3'",
            "version": "==2.10"
        },
        "outcome": {
            "hashes": [
                "sha256:ee46c5ce42780cde85d55a61819d0e6b8cb490f1dbd749ba75ff2629771dcd2d",
                "sha256:fc7822068ba7dd0fc2532743611e8a73246708d3564e29a39f93d6ab3701b66f"
            ],
            "markers": "python_version >= '2.7' and python_version not in '3.0, 3.1, 3.2, 3.3'",
            "version": "==1.0.1"
        },
        "rfc3986": {
            "hashes": [
                "sha256:112398da31a3344dc25dbf477d8df6cb34f9278a94fee2625d89e4514be8bb9d",
                "sha256:af9147e9aceda37c91a05f4deb128d4b4b49d6b199775fd2d2927768abdc8f50"
            ],
            "version": "==1.4.0"
        },
        "sniffio": {
            "hashes": [
                "sha256:20ed6d5b46f8ae136d00b9dcb807615d83ed82ceea6b2058cecb696765246da5",
                "sha256:8e3810100f69fe0edd463d02ad407112542a11ffdc29f67db2bf3771afb87a21"
            ],
            "markers": "python_version >= '3.5'",
            "version": "==1.1.0"
        },
        "sortedcontainers": {
            "hashes": [
                "sha256:4e73a757831fc3ca4de2859c422564239a31d8213d09a2a666e375807034d2ba",
                "sha256:c633ebde8580f241f274c1f8994a665c0e54a17724fecd0cae2f079e09c36d3f"
            ],
            "version": "==2.2.2"
        },
        "trio": {
            "hashes": [
                "sha256:451ddb27b4e5215e00646fcbb8028d341fccf284e053dc376506a14bb133dbcf",
                "sha256:df067dd0560c321af39d412cd81fc3a7d13f55af9150527daab980683e9fcf3c"
            ],
            "markers": "python_version >= '3.6'",
            "version": "==0.16.0"
        },
        "triogram": {
            "hashes": [
                "sha256:256a45fd8158dc80044858036581272a76ad263a002c42ad05b4becc3adefcd6"
            ],
            "index": "pypi",
            "version": "==0.5.0"
        }
    },
    "develop": {}
}
