{
    "_meta": {
        "hash": {
            "sha256": "454fd330f163f6f23319db83142721d5d24740100c1d36eec69d94328d81a99b"
        },
        "pipfile-spec": 6,
        "requires": {
            "python_version": "3.7"
        },
        "sources": [
            {
                "name": "pypi",
                "url": "https://pypi.org/simple",
                "verify_ssl": true
            }
        ]
    },
    "default": {
        "anyio": {
            "hashes": [
                "sha256:0f47b5ea774cc9d403935c617ff27c7673f87cda0688cd1aab3137ac86283a68",
                "sha256:49059434c06dbfa472d972edb366497e2400ada668643c3ae89e450ce114334e"
            ],
            "version": "==1.0.0"
        },
        "asks": {
            "hashes": [
                "sha256:57c8b42466e5131183c69b8b7e8571123efacb351167fac74f49e7d57734a8d8"
            ],
            "version": "==2.3.3"
        },
        "async-generator": {
            "hashes": [
                "sha256:01c7bf666359b4967d2cda0000cc2e4af16a0ae098cbffcb8472fb9e8ad6585b",
                "sha256:6ebb3d106c12920aaae42ccb6f787ef5eefdcdd166ea3d628fa8476abe712144"
            ],
            "version": "==1.10"
        },
        "attrs": {
            "hashes": [
                "sha256:69c0dbf2ed392de1cb5ec704444b08a5ef81680a61cb899dc08127123af36a79",
                "sha256:f0b870f674851ecbfbbbd364d6b5cbdff9dcedbc7f3f5e18a6891057f21fe399"
            ],
            "version": "==19.1.0"
        },
        "h11": {
            "hashes": [
                "sha256:33d4bca7be0fa039f4e84d50ab00531047e53d6ee8ffbc83501ea602c169cae1",
                "sha256:4bc6d6a1238b7615b266ada57e0618568066f57dd6fa967d1290ec9309b2f2f1"
            ],
            "version": "==0.9.0"
        },
        "idna": {
            "hashes": [
                "sha256:c357b3f628cf53ae2c4c05627ecc484553142ca23264e593d327bcde5e9c3407",
                "sha256:ea8b7f6188e6fa117537c3df7da9fc686d485087abf6ac197f9c46432f7e4a3c"
            ],
            "version": "==2.8"
        },
        "outcome": {
            "hashes": [
                "sha256:7357af9ba2a08fdff8c742818909c5d146fc1fe75aee4bddadaa4f8ad726d262",
                "sha256:9d58c05db36a900ce60c6da0167d76e28869f64b338d60fa3a61841cfa54ac71"
            ],
            "version": "==1.0.0"
        },
        "sniffio": {
            "hashes": [
                "sha256:20ed6d5b46f8ae136d00b9dcb807615d83ed82ceea6b2058cecb696765246da5",
                "sha256:8e3810100f69fe0edd463d02ad407112542a11ffdc29f67db2bf3771afb87a21"
            ],
            "version": "==1.1.0"
        },
        "sortedcontainers": {
            "hashes": [
                "sha256:974e9a32f56b17c1bac2aebd9dcf197f3eb9cd30553c5852a3187ad162e1a03a",
                "sha256:d9e96492dd51fae31e60837736b38fe42a187b5404c16606ff7ee7cd582d4c60"
            ],
            "version": "==2.1.0"
        },
        "trio": {
            "hashes": [
                "sha256:3796774aedbf5be581c68f98c79b565654876de6e9a01c6a95e3ec6cd4e4b4c3",
                "sha256:b0c03d312c300a947e54e204be88255992434e824374b7d3cc886876dab9a542"
            ],
            "version": "==0.11.0"
        },
        "triogram": {
            "hashes": [
                "sha256:c5163dbf9a1664b3324b369a691cddbc9847a6e92096bcfc67b7680bda0a2336"
            ],
            "index": "pypi",
            "version": "==0.0.2"
        }
    },
    "develop": {}
}
